
Microsoft Visual Studio Solution File, Format Version 12.00
# Visual Studio Version 17
VisualStudioVersion = 17.1.32228.430
MinimumVisualStudioVersion = 10.0.40219.1
Project("{FAE04EC0-301F-11D3-BF4B-00C04F79EFBC}") = "BjiakeServer", "BjiakeServer.csproj", "{BB4EFAA4-76D0-4BEE-B073-00D9EEBD1833}"
EndProject
Global
	GlobalSection(SolutionConfigurationPlatforms) = preSolution
		Debug|Any CPU = Debug|Any CPU
		Release|Any CPU = Release|Any CPU
	EndGlobalSection
	GlobalSection(ProjectConfigurationPlatforms) = postSolution
		{BB4EFAA4-76D0-4BEE-B073-00D9EEBD1833}.Debug|Any CPU.ActiveCfg = Debug|Any CPU
		{BB4EFAA4-76D0-4BEE-B073-00D9EEBD1833}.Debug|Any CPU.Build.0 = Debug|Any CPU
		{BB4EFAA4-76D0-4BEE-B073-00D9EEBD1833}.Release|Any CPU.ActiveCfg = Release|Any CPU
		{BB4EFAA4-76D0-4BEE-B073-00D9EEBD1833}.Release|Any CPU.Build.0 = Release|Any CPU
	EndGlobalSection
	GlobalSection(SolutionProperties) = preSolution
		HideSolutionNode = FALSE
	EndGlobalSection
	GlobalSection(ExtensibilityGlobals) = postSolution
		SolutionGuid = {FB16BD2C-18D2-411D-8C76-0794FD6FBC42}
	EndGlobalSection
EndGlobal
